
Microsoft Visual Studio Solution File, Format Version 12.00
# Visual Studio Version 16
VisualStudioVersion = 16.0.30320.27
MinimumVisualStudioVersion = 10.0.40219.1
Project("{FAE04EC0-301F-11D3-BF4B-00C04F79EFBC}") = "WebAPI2", "WebAPI2\WebAPI2.csproj", "{013C49A2-C5BA-431A-8E5A-E059D446338F}"
EndProject
Project("{FAE04EC0-301F-11D3-BF4B-00C04F79EFBC}") = "ConsumeAPI", "..\ConsumeAPI\ConsumeAPI.csproj", "{DFD057DB-0900-4A5F-9A47-C97638FBDF1C}"
EndProject
Global
	GlobalSection(SolutionConfigurationPlatforms) = preSolution
		Debug|Any CPU = Debug|Any CPU
		Release|Any CPU = Release|Any CPU
	EndGlobalSection
	GlobalSection(ProjectConfigurationPlatforms) = postSolution
		{013C49A2-C5BA-431A-8E5A-E059D446338F}.Debug|Any CPU.ActiveCfg = Debug|Any CPU
		{013C49A2-C5BA-431A-8E5A-E059D446338F}.Debug|Any CPU.Build.0 = Debug|Any CPU
		{013C49A2-C5BA-431A-8E5A-E059D446338F}.Release|Any CPU.ActiveCfg = Release|Any CPU
		{013C49A2-C5BA-431A-8E5A-E059D446338F}.Release|Any CPU.Build.0 = Release|Any CPU
		{DFD057DB-0900-4A5F-9A47-C97638FBDF1C}.Debug|Any CPU.ActiveCfg = Debug|Any CPU
		{DFD057DB-0900-4A5F-9A47-C97638FBDF1C}.Debug|Any CPU.Build.0 = Debug|Any CPU
		{DFD057DB-0900-4A5F-9A47-C97638FBDF1C}.Release|Any CPU.ActiveCfg = Release|Any CPU
		{DFD057DB-0900-4A5F-9A47-C97638FBDF1C}.Release|Any CPU.Build.0 = Release|Any CPU
	EndGlobalSection
	GlobalSection(SolutionProperties) = preSolution
		HideSolutionNode = FALSE
	EndGlobalSection
	GlobalSection(ExtensibilityGlobals) = postSolution
		SolutionGuid = {826C974A-E3B2-4480-8AF1-0120E6BB5269}
	EndGlobalSection
EndGlobal
